
Microsoft Visual Studio Solution File, Format Version 12.00
# Visual Studio 2017
Project("{FAE04EC0-301F-11D3-BF4B-00C04F79EFBC}") = "Bomberman Livestream", "Bomberman Livestream.csproj", "{41F4BDE8-5706-9A2D-89A7-F7DAE1812A32}"
EndProject
Project("{FAE04EC0-301F-11D3-BF4B-00C04F79EFBC}") = "Bomberman Livestream.Editor", "Bomberman Livestream.Editor.csproj", "{9AA28592-7D24-C007-A0D6-9005901CC659}"
EndProject
Global
	GlobalSection(SolutionConfigurationPlatforms) = preSolution
		Debug|Any CPU = Debug|Any CPU
		Release|Any CPU = Release|Any CPU
	EndGlobalSection
	GlobalSection(ProjectConfigurationPlatforms) = postSolution
		{41F4BDE8-5706-9A2D-89A7-F7DAE1812A32}.Debug|Any CPU.ActiveCfg = Debug|Any CPU
		{41F4BDE8-5706-9A2D-89A7-F7DAE1812A32}.Debug|Any CPU.Build.0 = Debug|Any CPU
		{41F4BDE8-5706-9A2D-89A7-F7DAE1812A32}.Release|Any CPU.ActiveCfg = Release|Any CPU
		{41F4BDE8-5706-9A2D-89A7-F7DAE1812A32}.Release|Any CPU.Build.0 = Release|Any CPU
		{9AA28592-7D24-C007-A0D6-9005901CC659}.Debug|Any CPU.ActiveCfg = Debug|Any CPU
		{9AA28592-7D24-C007-A0D6-9005901CC659}.Debug|Any CPU.Build.0 = Debug|Any CPU
		{9AA28592-7D24-C007-A0D6-9005901CC659}.Release|Any CPU.ActiveCfg = Release|Any CPU
		{9AA28592-7D24-C007-A0D6-9005901CC659}.Release|Any CPU.Build.0 = Release|Any CPU
	EndGlobalSection
	GlobalSection(SolutionProperties) = preSolution
		HideSolutionNode = FALSE
	EndGlobalSection
EndGlobal
